Microsoft Visual Studio Solution File, Format Version 12.00
# Visual Studio Version 17
VisualStudioVersion = 17.0.31912.275
MinimumVisualStudioVersion = 10.0.40219.1
Project("{8BC9CEB8-8B4A-11D0-8D11-00A0C91BC942}") = "pctag", "build\msvc\pctag.vcxproj", "{8A2F2C3B-7F9C-4E2C-9F3E-5A67D8A1C123}"
EndProject
Project("{8BC9CEB8-8B4A-11D0-8D11-00A0C91BC942}") = "unittest", "build\msvc\unittest.vcxproj", "{E7F3D7A9-9A5B-4E3E-A7B0-1A9B3A7F21D2}"
EndProject
Project("{8BC9CEB8-8B4A-11D0-8D11-00A0C91BC942}") = "petag_dll", "build\msvc\petag_dll.vcxproj", "{A1B2C3D4-1234-5678-ABCD-000000000001}"
EndProject
Global
	GlobalSection(SolutionConfigurationPlatforms) = preSolution
		Debug|x64 = Debug|x64
		Debug|x86 = Debug|x86
		Release|x64 = Release|x64
		Release|x86 = Release|x86
	EndGlobalSection
	GlobalSection(ProjectConfigurationPlatforms) = postSolution
		{8A2F2C3B-7F9C-4E2C-9F3E-5A67D8A1C123}.Debug|x64.ActiveCfg = Debug|x64
		{8A2F2C3B-7F9C-4E2C-9F3E-5A67D8A1C123}.Debug|x64.Build.0 = Debug|x64
		{8A2F2C3B-7F9C-4E2C-9F3E-5A67D8A1C123}.Debug|x86.ActiveCfg = Debug|Win32
		{8A2F2C3B-7F9C-4E2C-9F3E-5A67D8A1C123}.Debug|x86.Build.0 = Debug|Win32
		{8A2F2C3B-7F9C-4E2C-9F3E-5A67D8A1C123}.Release|x64.ActiveCfg = Release|x64
		{8A2F2C3B-7F9C-4E2C-9F3E-5A67D8A1C123}.Release|x64.Build.0 = Release|x64
		{8A2F2C3B-7F9C-4E2C-9F3E-5A67D8A1C123}.Release|x86.ActiveCfg = Release|Win32
		{8A2F2C3B-7F9C-4E2C-9F3E-5A67D8A1C123}.Release|x86.Build.0 = Release|Win32
		{E7F3D7A9-9A5B-4E3E-A7B0-1A9B3A7F21D2}.Debug|x64.ActiveCfg = Debug|x64
		{E7F3D7A9-9A5B-4E3E-A7B0-1A9B3A7F21D2}.Debug|x64.Build.0 = Debug|x64
		{E7F3D7A9-9A5B-4E3E-A7B0-1A9B3A7F21D2}.Debug|x86.ActiveCfg = Debug|Win32
		{E7F3D7A9-9A5B-4E3E-A7B0-1A9B3A7F21D2}.Debug|x86.Build.0 = Debug|Win32
		{E7F3D7A9-9A5B-4E3E-A7B0-1A9B3A7F21D2}.Release|x64.ActiveCfg = Release|x64
		{E7F3D7A9-9A5B-4E3E-A7B0-1A9B3A7F21D2}.Release|x64.Build.0 = Release|x64
		{E7F3D7A9-9A5B-4E3E-A7B0-1A9B3A7F21D2}.Release|x86.ActiveCfg = Release|Win32
		{E7F3D7A9-9A5B-4E3E-A7B0-1A9B3A7F21D2}.Release|x86.Build.0 = Release|Win32
		{A1B2C3D4-1234-5678-ABCD-000000000001}.Debug|x64.ActiveCfg = Debug|x64
		{A1B2C3D4-1234-5678-ABCD-000000000001}.Debug|x64.Build.0 = Debug|x64
		{A1B2C3D4-1234-5678-ABCD-000000000001}.Debug|x86.ActiveCfg = Debug|Win32
		{A1B2C3D4-1234-5678-ABCD-000000000001}.Debug|x86.Build.0 = Debug|Win32
		{A1B2C3D4-1234-5678-ABCD-000000000001}.Release|x64.ActiveCfg = Release|x64
		{A1B2C3D4-1234-5678-ABCD-000000000001}.Release|x64.Build.0 = Release|x64
		{A1B2C3D4-1234-5678-ABCD-000000000001}.Release|x86.ActiveCfg = Release|Win32
		{A1B2C3D4-1234-5678-ABCD-000000000001}.Release|x86.Build.0 = Release|Win32
	EndGlobalSection
	GlobalSection(SolutionProperties) = preSolution
		HideSolutionNode = FALSE
	EndGlobalSection
EndGlobal
